{
  "name": "3-Heap",
  "lockfileVersion": 2,
  "requires": true,
  "packages": {
    "": {
      "dependencies": {
        "datastructures-js": "^9.0.0"
      }
    },
    "node_modules/@datastructures-js/binary-search-tree": {
      "version": "3.1.6",
      "resolved": "https://registry.npmjs.org/@datastructures-js/binary-search-tree/-/binary-search-tree-3.1.6.tgz",
      "integrity": "sha512-YxO6FdXR3Lw5FMUy3ZZbCsMTBED52Pbbo2xS3BCg8+98Wg1kYqq71ukNo3An6DqPlyD/n6FtWNmXRDkL3YNQ8w=="
    },
    "node_modules/@datastructures-js/graph": {
      "version": "4.0.1",
      "resolved": "https://registry.npmjs.org/@datastructures-js/graph/-/graph-4.0.1.tgz",
      "integrity": "sha512-LZDHvdHMt3kCT1bMYOkHF0x271jUFTKIKV9yGLTBzuYxwvJEyCsItCS+XTjxsPXb/dfuXS2+4pI7UQftKDK+Jg==",
      "dependencies": {
        "@datastructures-js/queue": "^3.1.3"
      }
    },
    "node_modules/@datastructures-js/heap": {
      "version": "2.0.0",
      "resolved": "https://registry.npmjs.org/@datastructures-js/heap/-/heap-2.0.0.tgz",
      "integrity": "sha512-LIbt3dAK7v7VPoDQ/hNO3KSlUdPLkO74m1A/c+guKhoBiY1192F2Nt0moHU0wyWw/sUV9zAnw1GPyGsS7401ZQ=="
    },
    "node_modules/@datastructures-js/linked-list": {
      "version": "2.0.3",
      "resolved": "https://registry.npmjs.org/@datastructures-js/linked-list/-/linked-list-2.0.3.tgz",
      "integrity": "sha512-0+j76V593ZEKrsKEnuDsfWfmW5nxnLOKodrcccFMMqrs7tH9C/opXUjIQrpD7ATnPnvgV0jUEbJ1Siyp2gvD/Q=="
    },
    "node_modules/@datastructures-js/priority-queue": {
      "version": "4.1.2",
      "resolved": "https://registry.npmjs.org/@datastructures-js/priority-queue/-/priority-queue-4.1.2.tgz",
      "integrity": "sha512-S4fXJcsPdqEp2bbKZlH7suSiZ0lqmIs8n5BXqQXB+7/lA9LSK/Ng0hIehTjgETfe7n3g4ZVLoyjEUWHEbHJFdQ==",
      "dependencies": {
        "@datastructures-js/heap": "^2.0.0"
      }
    },
    "node_modules/@datastructures-js/queue": {
      "version": "3.1.4",
      "resolved": "https://registry.npmjs.org/@datastructures-js/queue/-/queue-3.1.4.tgz",
      "integrity": "sha512-8QqkdAJQDDd25OBX28lKj7HXD+Cxs6Ee0ogJkZUjD5R1fAvRAWsrCeKop0szqANYjMwdQQd75vyc3Cm8qNJH+Q=="
    },
    "node_modules/@datastructures-js/set": {
      "version": "3.1.1",
      "resolved": "https://registry.npmjs.org/@datastructures-js/set/-/set-3.1.1.tgz",
      "integrity": "sha512-c1EMNT6mQigG3j5lfb6D9Xmg+LPBzqxM7GTuz/epGvkMMsE6EdcVX15FQ/yXl8Jus/+ippSLdxEQ8aYfx+3+5Q=="
    },
    "node_modules/@datastructures-js/stack": {
      "version": "2.0.4",
      "resolved": "https://registry.npmjs.org/@datastructures-js/stack/-/stack-2.0.4.tgz",
      "integrity": "sha512-rwfXNiAloM2lrAhQ5Iw/Tx2KDiH5KgY+Jd0kiYwF5kMmLr58T/1mfSbfSSKuxFv/qpzEQ4vwmqzWlIKxya1naw=="
    },
    "node_modules/@datastructures-js/trie": {
      "version": "3.0.1",
      "resolved": "https://registry.npmjs.org/@datastructures-js/trie/-/trie-3.0.1.tgz",
      "integrity": "sha512-fPCkL6WNeJffBoGmrwUHcnRPgYxDakZHpr83nAfKzDjcTYBMWHE5/ISZUW74s9WGE0Ho2TQ8X0LCmVy6BzhgNA=="
    },
    "node_modules/datastructures-js": {
      "version": "9.0.0",
      "resolved": "https://registry.npmjs.org/datastructures-js/-/datastructures-js-9.0.0.tgz",
      "integrity": "sha512-j9HjLcQHkKxcrQNxTx4kRkTa9PqjP9UgSgX+ORUJ/sJ9Dq9689B/KrX6PER6WkIHffdCSSsvOnfZmNg+iqs9sA==",
      "dependencies": {
        "@datastructures-js/binary-search-tree": "^3.1.6",
        "@datastructures-js/graph": "^4.0.1",
        "@datastructures-js/heap": "^2.0.0",
        "@datastructures-js/linked-list": "^2.0.3",
        "@datastructures-js/priority-queue": "^4.1.2",
        "@datastructures-js/queue": "^3.1.3",
        "@datastructures-js/set": "^3.1.0",
        "@datastructures-js/stack": "^2.0.3",
        "@datastructures-js/trie": "^3.0.1"
      }
    }
  },
  "dependencies": {
    "@datastructures-js/binary-search-tree": {
      "version": "3.1.6",
      "resolved": "https://registry.npmjs.org/@datastructures-js/binary-search-tree/-/binary-search-tree-3.1.6.tgz",
      "integrity": "sha512-YxO6FdXR3Lw5FMUy3ZZbCsMTBED52Pbbo2xS3BCg8+98Wg1kYqq71ukNo3An6DqPlyD/n6FtWNmXRDkL3YNQ8w=="
    },
    "@datastructures-js/graph": {
      "version": "4.0.1",
      "resolved": "https://registry.npmjs.org/@datastructures-js/graph/-/graph-4.0.1.tgz",
      "integrity": "sha512-LZDHvdHMt3kCT1bMYOkHF0x271jUFTKIKV9yGLTBzuYxwvJEyCsItCS+XTjxsPXb/dfuXS2+4pI7UQftKDK+Jg==",
      "requires": {
        "@datastructures-js/queue": "^3.1.3"
      }
    },
    "@datastructures-js/heap": {
      "version": "2.0.0",
      "resolved": "https://registry.npmjs.org/@datastructures-js/heap/-/heap-2.0.0.tgz",
      "integrity": "sha512-LIbt3dAK7v7VPoDQ/hNO3KSlUdPLkO74m1A/c+guKhoBiY1192F2Nt0moHU0wyWw/sUV9zAnw1GPyGsS7401ZQ=="
    },
    "@datastructures-js/linked-list": {
      "version": "2.0.3",
      "resolved": "https://registry.npmjs.org/@datastructures-js/linked-list/-/linked-list-2.0.3.tgz",
      "integrity": "sha512-0+j76V593ZEKrsKEnuDsfWfmW5nxnLOKodrcccFMMqrs7tH9C/opXUjIQrpD7ATnPnvgV0jUEbJ1Siyp2gvD/Q=="
    },
    "@datastructures-js/priority-queue": {
      "version": "4.1.2",
      "resolved": "https://registry.npmjs.org/@datastructures-js/priority-queue/-/priority-queue-4.1.2.tgz",
      "integrity": "sha512-S4fXJcsPdqEp2bbKZlH7suSiZ0lqmIs8n5BXqQXB+7/lA9LSK/Ng0hIehTjgETfe7n3g4ZVLoyjEUWHEbHJFdQ==",
      "requires": {
        "@datastructures-js/heap": "^2.0.0"
      }
    },
    "@datastructures-js/queue": {
      "version": "3.1.4",
      "resolved": "https://registry.npmjs.org/@datastructures-js/queue/-/queue-3.1.4.tgz",
      "integrity": "sha512-8QqkdAJQDDd25OBX28lKj7HXD+Cxs6Ee0ogJkZUjD5R1fAvRAWsrCeKop0szqANYjMwdQQd75vyc3Cm8qNJH+Q=="
    },
    "@datastructures-js/set": {
      "version": "3.1.1",
      "resolved": "https://registry.npmjs.org/@datastructures-js/set/-/set-3.1.1.tgz",
      "integrity": "sha512-c1EMNT6mQigG3j5lfb6D9Xmg+LPBzqxM7GTuz/epGvkMMsE6EdcVX15FQ/yXl8Jus/+ippSLdxEQ8aYfx+3+5Q=="
    },
    "@datastructures-js/stack": {
      "version": "2.0.4",
      "resolved": "https://registry.npmjs.org/@datastructures-js/stack/-/stack-2.0.4.tgz",
      "integrity": "sha512-rwfXNiAloM2lrAhQ5Iw/Tx2KDiH5KgY+Jd0kiYwF5kMmLr58T/1mfSbfSSKuxFv/qpzEQ4vwmqzWlIKxya1naw=="
    },
    "@datastructures-js/trie": {
      "version": "3.0.1",
      "resolved": "https://registry.npmjs.org/@datastructures-js/trie/-/trie-3.0.1.tgz",
      "integrity": "sha512-fPCkL6WNeJffBoGmrwUHcnRPgYxDakZHpr83nAfKzDjcTYBMWHE5/ISZUW74s9WGE0Ho2TQ8X0LCmVy6BzhgNA=="
    },
    "datastructures-js": {
      "version": "9.0.0",
      "resolved": "https://registry.npmjs.org/datastructures-js/-/datastructures-js-9.0.0.tgz",
      "integrity": "sha512-j9HjLcQHkKxcrQNxTx4kRkTa9PqjP9UgSgX+ORUJ/sJ9Dq9689B/KrX6PER6WkIHffdCSSsvOnfZmNg+iqs9sA==",
      "requires": {
        "@datastructures-js/binary-search-tree": "^3.1.6",
        "@datastructures-js/graph": "^4.0.1",
        "@datastructures-js/heap": "^2.0.0",
        "@datastructures-js/linked-list": "^2.0.3",
        "@datastructures-js/priority-queue": "^4.1.2",
        "@datastructures-js/queue": "^3.1.3",
        "@datastructures-js/set": "^3.1.0",
        "@datastructures-js/stack": "^2.0.3",
        "@datastructures-js/trie": "^3.0.1"
      }
    }
  }
}
